
Microsoft Visual Studio Solution File, Format Version 12.00
# Visual Studio 15
VisualStudioVersion = 15.0.28307.779
MinimumVisualStudioVersion = 10.0.40219.1
Project("{FAE04EC0-301F-11D3-BF4B-00C04F79EFBC}") = "fortuneTellerD_T", "fortuneTellerD_T\fortuneTellerD_T.csproj", "{BCDEA472-C19E-44FD-88A9-9496FAB3D3AB}"
EndProject
Global
	GlobalSection(SolutionConfigurationPlatforms) = preSolution
		Debug|Any CPU = Debug|Any CPU
		Release|Any CPU = Release|Any CPU
	EndGlobalSection
	GlobalSection(ProjectConfigurationPlatforms) = postSolution
		{BCDEA472-C19E-44FD-88A9-9496FAB3D3AB}.Debug|Any CPU.ActiveCfg = Debug|Any CPU
		{BCDEA472-C19E-44FD-88A9-9496FAB3D3AB}.Debug|Any CPU.Build.0 = Debug|Any CPU
		{BCDEA472-C19E-44FD-88A9-9496FAB3D3AB}.Release|Any CPU.ActiveCfg = Release|Any CPU
		{BCDEA472-C19E-44FD-88A9-9496FAB3D3AB}.Release|Any CPU.Build.0 = Release|Any CPU
	EndGlobalSection
	GlobalSection(SolutionProperties) = preSolution
		HideSolutionNode = FALSE
	EndGlobalSection
	GlobalSection(ExtensibilityGlobals) = postSolution
		SolutionGuid = {741025D7-62D3-4031-9E7C-EDD884AD0F91}
	EndGlobalSection
EndGlobal
